
Microsoft Visual Studio Solution File, Format Version 12.00
# Visual Studio Version 18
VisualStudioVersion = 18.6.11819.183
MinimumVisualStudioVersion = 10.0.40219.1
Project("{FAE04EC0-301F-11D3-BF4B-00C04F79EFBC}") = "BancoImobiliario", "BancoImobiliario.csproj", "{1A7365B5-DB4F-48D6-AB3A-9F5B865A029F}"
EndProject
Project("{FAE04EC0-301F-11D3-BF4B-00C04F79EFBC}") = "DllTeste", "..\..\..\Documents\GitHub\DllTeste\DllTeste.csproj", "{2ECBA149-1EC1-F4C2-2A4B-F74DC071E140}"
EndProject
Global
	GlobalSection(SolutionConfigurationPlatforms) = preSolution
		Debug|Any CPU = Debug|Any CPU
		Release|Any CPU = Release|Any CPU
	EndGlobalSection
	GlobalSection(ProjectConfigurationPlatforms) = postSolution
		{1A7365B5-DB4F-48D6-AB3A-9F5B865A029F}.Debug|Any CPU.ActiveCfg = Debug|Any CPU
		{1A7365B5-DB4F-48D6-AB3A-9F5B865A029F}.Debug|Any CPU.Build.0 = Debug|Any CPU
		{1A7365B5-DB4F-48D6-AB3A-9F5B865A029F}.Release|Any CPU.ActiveCfg = Release|Any CPU
		{1A7365B5-DB4F-48D6-AB3A-9F5B865A029F}.Release|Any CPU.Build.0 = Release|Any CPU
		{2ECBA149-1EC1-F4C2-2A4B-F74DC071E140}.Debug|Any CPU.ActiveCfg = Debug|Any CPU
		{2ECBA149-1EC1-F4C2-2A4B-F74DC071E140}.Debug|Any CPU.Build.0 = Debug|Any CPU
		{2ECBA149-1EC1-F4C2-2A4B-F74DC071E140}.Release|Any CPU.ActiveCfg = Release|Any CPU
		{2ECBA149-1EC1-F4C2-2A4B-F74DC071E140}.Release|Any CPU.Build.0 = Release|Any CPU
	EndGlobalSection
	GlobalSection(SolutionProperties) = preSolution
		HideSolutionNode = FALSE
	EndGlobalSection
	GlobalSection(ExtensibilityGlobals) = postSolution
		SolutionGuid = {F26449F3-6827-4288-9985-368375FEC630}
	EndGlobalSection
EndGlobal
